
Microsoft Visual Studio Solution File, Format Version 12.00
# Visual Studio Version 17
VisualStudioVersion = 17.0.31903.59
MinimumVisualStudioVersion = 10.0.40219.1
Project("{2150E333-8FDC-42A3-9474-1A3956D46DE8}") = "src", "src", "{E043F662-463E-43DE-AB34-DFD4D88CA5CC}"
EndProject
Project("{2150E333-8FDC-42A3-9474-1A3956D46DE8}") = "solution-items", "solution-items", "{99B397A6-2CB8-4B3D-A16D-DDDD54106738}"
	ProjectSection(SolutionItems) = preProject
		solution-items\db-script.txt = solution-items\db-script.txt
		solution-items\identity-db.txt = solution-items\identity-db.txt
		solution-items\ports.txt = solution-items\ports.txt
	EndProjectSection
EndProject
Project("{2150E333-8FDC-42A3-9474-1A3956D46DE8}") = "Services", "Services", "{D691E852-26DF-4782-A95B-B381F4B7828C}"
EndProject
Project("{2150E333-8FDC-42A3-9474-1A3956D46DE8}") = "Catalog", "Catalog", "{606BE85D-01D4-4206-8142-4749B762447C}"
EndProject
Project("{9A19103F-16F7-4668-BE54-9A1E7A4F7556}") = "FreeCourse.Services.Catalog", "src\Services\Catalog\FreeCourse.Services.Catalog\FreeCourse.Services.Catalog.csproj", "{E8297384-5601-422D-B83A-C00CAE5CF0A7}"
EndProject
Project("{2150E333-8FDC-42A3-9474-1A3956D46DE8}") = "Shared", "Shared", "{4034AF76-FF78-472C-BCA4-ACCDED31F8AB}"
EndProject
Project("{9A19103F-16F7-4668-BE54-9A1E7A4F7556}") = "FreeCourse.Shared", "src\Shared\FreeCourse.Shared\FreeCourse.Shared.csproj", "{9E2061FF-E6E3-4187-97CC-94CB79465A5F}"
EndProject
Project("{2150E333-8FDC-42A3-9474-1A3956D46DE8}") = "IdentityServer", "IdentityServer", "{B0EF171B-8BB9-4B62-8449-07250B6FD3D7}"
EndProject
Project("{9A19103F-16F7-4668-BE54-9A1E7A4F7556}") = "FreeCourse.IdentityServer", "src\IdentityServer\FreeCourse.IdentityServer\FreeCourse.IdentityServer.csproj", "{498D1625-520F-4586-81F0-E499AF32210D}"
EndProject
Project("{2150E333-8FDC-42A3-9474-1A3956D46DE8}") = "PhotoStock", "PhotoStock", "{F074155A-B7B2-49EF-A2FA-2F10DD5D5BEE}"
EndProject
Project("{9A19103F-16F7-4668-BE54-9A1E7A4F7556}") = "FreeCourse.Services.PhotoStock", "src\Services\PhotoStock\FreeCourse.Services.PhotoStock\FreeCourse.Services.PhotoStock.csproj", "{B0CD7A4C-1AAB-4498-A3C4-F34935DBF513}"
EndProject
Project("{2150E333-8FDC-42A3-9474-1A3956D46DE8}") = "Basket", "Basket", "{BF1C55C2-63EE-4F64-B27C-D6A6B81ED42C}"
EndProject
Project("{9A19103F-16F7-4668-BE54-9A1E7A4F7556}") = "FreeCourse.Services.Basket", "src\Services\Basket\FreeCourse.Services.Basket\FreeCourse.Services.Basket.csproj", "{5697049C-DE5E-446A-AB28-A4032B59B34F}"
EndProject
Project("{2150E333-8FDC-42A3-9474-1A3956D46DE8}") = "Discount", "Discount", "{F0B48B62-3276-4344-8B77-58297B39DB8A}"
EndProject
Project("{9A19103F-16F7-4668-BE54-9A1E7A4F7556}") = "FreeCourse.Services.Discount", "src\Services\Discount\FreeCourse.Services.Discount\FreeCourse.Services.Discount.csproj", "{E98D8E30-4777-4149-8CDE-E3043327DD56}"
EndProject
Project("{2150E333-8FDC-42A3-9474-1A3956D46DE8}") = "Order", "Order", "{CE11782B-709D-4D5F-8DBF-39FE1CD1CAAD}"
EndProject
Project("{9A19103F-16F7-4668-BE54-9A1E7A4F7556}") = "FreeCourse.Services.Order.API", "src\Services\Order\FreeCourse.Services.Order.API\FreeCourse.Services.Order.API.csproj", "{F1E17936-6D24-41AE-AA38-1B8638F2695D}"
EndProject
Project("{9A19103F-16F7-4668-BE54-9A1E7A4F7556}") = "FreeCourse.Services.Order.Application", "src\Services\Order\FreeCourse.Services.Order.Application\FreeCourse.Services.Order.Application.csproj", "{390F2D19-084B-400E-B279-89BC3BCCD722}"
EndProject
Project("{9A19103F-16F7-4668-BE54-9A1E7A4F7556}") = "FreeCourse.Services.Order.Domain", "src\Services\Order\FreeCourse.Services.Order.Domain\FreeCourse.Services.Order.Domain.csproj", "{E7157799-8BDA-4C56-B944-98A6394F473D}"
EndProject
Project("{9A19103F-16F7-4668-BE54-9A1E7A4F7556}") = "FreeCourse.Services.Order.Domain.Core", "src\Services\Order\FreeCourse.Services.Order.Domain.Core\FreeCourse.Services.Order.Domain.Core.csproj", "{51F7C174-7788-41F4-B5C9-98CC4ADC1B4C}"
EndProject
Project("{9A19103F-16F7-4668-BE54-9A1E7A4F7556}") = "FreeCourse.Services.Order.Infrastructure", "src\Services\Order\FreeCourse.Services.Order.Infrastructure\FreeCourse.Services.Order.Infrastructure.csproj", "{0C777A62-DB2E-491C-9517-3A9559C61513}"
EndProject
Project("{2150E333-8FDC-42A3-9474-1A3956D46DE8}") = "FakePayment", "FakePayment", "{C8D447D9-F74A-41A2-AEEB-9DF42BF313BA}"
EndProject
Project("{9A19103F-16F7-4668-BE54-9A1E7A4F7556}") = "FreeCourse.Services.FakePayment", "src\Services\FakePayment\FreeCourse.Services.FakePayment\FreeCourse.Services.FakePayment.csproj", "{E3CDCDC1-7A72-4802-8BB5-7552EE211892}"
EndProject
Project("{2150E333-8FDC-42A3-9474-1A3956D46DE8}") = "Gateways", "Gateways", "{0C9EFFAF-F459-4EDA-88C1-54C02B8B7273}"
EndProject
Project("{9A19103F-16F7-4668-BE54-9A1E7A4F7556}") = "FreeCourse.Gateway", "src\Gateways\FreeCourse.Gateway\FreeCourse.Gateway.csproj", "{11CC0707-5E70-4386-B0C0-779DE7D43D3F}"
EndProject
Project("{2150E333-8FDC-42A3-9474-1A3956D46DE8}") = "Frontends", "Frontends", "{73618410-AF1B-4378-8E58-A996D09C3988}"
EndProject
Project("{FAE04EC0-301F-11D3-BF4B-00C04F79EFBC}") = "FreeCourse.Web", "src\Frontends\FreeCourse.Web\FreeCourse.Web.csproj", "{F8421F18-BB14-4B6D-B581-395110F94005}"
EndProject
Global
	GlobalSection(SolutionConfigurationPlatforms) = preSolution
		Debug|Any CPU = Debug|Any CPU
		Release|Any CPU = Release|Any CPU
	EndGlobalSection
	GlobalSection(ProjectConfigurationPlatforms) = postSolution
		{E8297384-5601-422D-B83A-C00CAE5CF0A7}.Debug|Any CPU.ActiveCfg = Debug|Any CPU
		{E8297384-5601-422D-B83A-C00CAE5CF0A7}.Debug|Any CPU.Build.0 = Debug|Any CPU
		{E8297384-5601-422D-B83A-C00CAE5CF0A7}.Release|Any CPU.ActiveCfg = Release|Any CPU
		{E8297384-5601-422D-B83A-C00CAE5CF0A7}.Release|Any CPU.Build.0 = Release|Any CPU
		{9E2061FF-E6E3-4187-97CC-94CB79465A5F}.Debug|Any CPU.ActiveCfg = Debug|Any CPU
		{9E2061FF-E6E3-4187-97CC-94CB79465A5F}.Debug|Any CPU.Build.0 = Debug|Any CPU
		{9E2061FF-E6E3-4187-97CC-94CB79465A5F}.Release|Any CPU.ActiveCfg = Release|Any CPU
		{9E2061FF-E6E3-4187-97CC-94CB79465A5F}.Release|Any CPU.Build.0 = Release|Any CPU
		{498D1625-520F-4586-81F0-E499AF32210D}.Debug|Any CPU.ActiveCfg = Debug|Any CPU
		{498D1625-520F-4586-81F0-E499AF32210D}.Debug|Any CPU.Build.0 = Debug|Any CPU
		{498D1625-520F-4586-81F0-E499AF32210D}.Release|Any CPU.ActiveCfg = Release|Any CPU
		{498D1625-520F-4586-81F0-E499AF32210D}.Release|Any CPU.Build.0 = Release|Any CPU
		{B0CD7A4C-1AAB-4498-A3C4-F34935DBF513}.Debug|Any CPU.ActiveCfg = Debug|Any CPU
		{B0CD7A4C-1AAB-4498-A3C4-F34935DBF513}.Debug|Any CPU.Build.0 = Debug|Any CPU
		{B0CD7A4C-1AAB-4498-A3C4-F34935DBF513}.Release|Any CPU.ActiveCfg = Release|Any CPU
		{B0CD7A4C-1AAB-4498-A3C4-F34935DBF513}.Release|Any CPU.Build.0 = Release|Any CPU
		{5697049C-DE5E-446A-AB28-A4032B59B34F}.Debug|Any CPU.ActiveCfg = Debug|Any CPU
		{5697049C-DE5E-446A-AB28-A4032B59B34F}.Debug|Any CPU.Build.0 = Debug|Any CPU
		{5697049C-DE5E-446A-AB28-A4032B59B34F}.Release|Any CPU.ActiveCfg = Release|Any CPU
		{5697049C-DE5E-446A-AB28-A4032B59B34F}.Release|Any CPU.Build.0 = Release|Any CPU
		{E98D8E30-4777-4149-8CDE-E3043327DD56}.Debug|Any CPU.ActiveCfg = Debug|Any CPU
		{E98D8E30-4777-4149-8CDE-E3043327DD56}.Debug|Any CPU.Build.0 = Debug|Any CPU
		{E98D8E30-4777-4149-8CDE-E3043327DD56}.Release|Any CPU.ActiveCfg = Release|Any CPU
		{E98D8E30-4777-4149-8CDE-E3043327DD56}.Release|Any CPU.Build.0 = Release|Any CPU
		{F1E17936-6D24-41AE-AA38-1B8638F2695D}.Debug|Any CPU.ActiveCfg = Debug|Any CPU
		{F1E17936-6D24-41AE-AA38-1B8638F2695D}.Debug|Any CPU.Build.0 = Debug|Any CPU
		{F1E17936-6D24-41AE-AA38-1B8638F2695D}.Release|Any CPU.ActiveCfg = Release|Any CPU
		{F1E17936-6D24-41AE-AA38-1B8638F2695D}.Release|Any CPU.Build.0 = Release|Any CPU
		{390F2D19-084B-400E-B279-89BC3BCCD722}.Debug|Any CPU.ActiveCfg = Debug|Any CPU
		{390F2D19-084B-400E-B279-89BC3BCCD722}.Debug|Any CPU.Build.0 = Debug|Any CPU
		{390F2D19-084B-400E-B279-89BC3BCCD722}.Release|Any CPU.ActiveCfg = Release|Any CPU
		{390F2D19-084B-400E-B279-89BC3BCCD722}.Release|Any CPU.Build.0 = Release|Any CPU
		{E7157799-8BDA-4C56-B944-98A6394F473D}.Debug|Any CPU.ActiveCfg = Debug|Any CPU
		{E7157799-8BDA-4C56-B944-98A6394F473D}.Debug|Any CPU.Build.0 = Debug|Any CPU
		{E7157799-8BDA-4C56-B944-98A6394F473D}.Release|Any CPU.ActiveCfg = Release|Any CPU
		{E7157799-8BDA-4C56-B944-98A6394F473D}.Release|Any CPU.Build.0 = Release|Any CPU
		{51F7C174-7788-41F4-B5C9-98CC4ADC1B4C}.Debug|Any CPU.ActiveCfg = Debug|Any CPU
		{51F7C174-7788-41F4-B5C9-98CC4ADC1B4C}.Debug|Any CPU.Build.0 = Debug|Any CPU
		{51F7C174-7788-41F4-B5C9-98CC4ADC1B4C}.Release|Any CPU.ActiveCfg = Release|Any CPU
		{51F7C174-7788-41F4-B5C9-98CC4ADC1B4C}.Release|Any CPU.Build.0 = Release|Any CPU
		{0C777A62-DB2E-491C-9517-3A9559C61513}.Debug|Any CPU.ActiveCfg = Debug|Any CPU
		{0C777A62-DB2E-491C-9517-3A9559C61513}.Debug|Any CPU.Build.0 = Debug|Any CPU
		{0C777A62-DB2E-491C-9517-3A9559C61513}.Release|Any CPU.ActiveCfg = Release|Any CPU
		{0C777A62-DB2E-491C-9517-3A9559C61513}.Release|Any CPU.Build.0 = Release|Any CPU
		{E3CDCDC1-7A72-4802-8BB5-7552EE211892}.Debug|Any CPU.ActiveCfg = Debug|Any CPU
		{E3CDCDC1-7A72-4802-8BB5-7552EE211892}.Debug|Any CPU.Build.0 = Debug|Any CPU
		{E3CDCDC1-7A72-4802-8BB5-7552EE211892}.Release|Any CPU.ActiveCfg = Release|Any CPU
		{E3CDCDC1-7A72-4802-8BB5-7552EE211892}.Release|Any CPU.Build.0 = Release|Any CPU
		{11CC0707-5E70-4386-B0C0-779DE7D43D3F}.Debug|Any CPU.ActiveCfg = Debug|Any CPU
		{11CC0707-5E70-4386-B0C0-779DE7D43D3F}.Debug|Any CPU.Build.0 = Debug|Any CPU
		{11CC0707-5E70-4386-B0C0-779DE7D43D3F}.Release|Any CPU.ActiveCfg = Release|Any CPU
		{11CC0707-5E70-4386-B0C0-779DE7D43D3F}.Release|Any CPU.Build.0 = Release|Any CPU
		{F8421F18-BB14-4B6D-B581-395110F94005}.Debug|Any CPU.ActiveCfg = Debug|Any CPU
		{F8421F18-BB14-4B6D-B581-395110F94005}.Debug|Any CPU.Build.0 = Debug|Any CPU
		{F8421F18-BB14-4B6D-B581-395110F94005}.Release|Any CPU.ActiveCfg = Release|Any CPU
		{F8421F18-BB14-4B6D-B581-395110F94005}.Release|Any CPU.Build.0 = Release|Any CPU
	EndGlobalSection
	GlobalSection(SolutionProperties) = preSolution
		HideSolutionNode = FALSE
	EndGlobalSection
	GlobalSection(NestedProjects) = preSolution
		{D691E852-26DF-4782-A95B-B381F4B7828C} = {E043F662-463E-43DE-AB34-DFD4D88CA5CC}
		{606BE85D-01D4-4206-8142-4749B762447C} = {D691E852-26DF-4782-A95B-B381F4B7828C}
		{E8297384-5601-422D-B83A-C00CAE5CF0A7} = {606BE85D-01D4-4206-8142-4749B762447C}
		{4034AF76-FF78-472C-BCA4-ACCDED31F8AB} = {E043F662-463E-43DE-AB34-DFD4D88CA5CC}
		{9E2061FF-E6E3-4187-97CC-94CB79465A5F} = {4034AF76-FF78-472C-BCA4-ACCDED31F8AB}
		{B0EF171B-8BB9-4B62-8449-07250B6FD3D7} = {E043F662-463E-43DE-AB34-DFD4D88CA5CC}
		{498D1625-520F-4586-81F0-E499AF32210D} = {B0EF171B-8BB9-4B62-8449-07250B6FD3D7}
		{F074155A-B7B2-49EF-A2FA-2F10DD5D5BEE} = {D691E852-26DF-4782-A95B-B381F4B7828C}
		{B0CD7A4C-1AAB-4498-A3C4-F34935DBF513} = {F074155A-B7B2-49EF-A2FA-2F10DD5D5BEE}
		{BF1C55C2-63EE-4F64-B27C-D6A6B81ED42C} = {D691E852-26DF-4782-A95B-B381F4B7828C}
		{5697049C-DE5E-446A-AB28-A4032B59B34F} = {BF1C55C2-63EE-4F64-B27C-D6A6B81ED42C}
		{F0B48B62-3276-4344-8B77-58297B39DB8A} = {D691E852-26DF-4782-A95B-B381F4B7828C}
		{E98D8E30-4777-4149-8CDE-E3043327DD56} = {F0B48B62-3276-4344-8B77-58297B39DB8A}
		{CE11782B-709D-4D5F-8DBF-39FE1CD1CAAD} = {D691E852-26DF-4782-A95B-B381F4B7828C}
		{F1E17936-6D24-41AE-AA38-1B8638F2695D} = {CE11782B-709D-4D5F-8DBF-39FE1CD1CAAD}
		{390F2D19-084B-400E-B279-89BC3BCCD722} = {CE11782B-709D-4D5F-8DBF-39FE1CD1CAAD}
		{E7157799-8BDA-4C56-B944-98A6394F473D} = {CE11782B-709D-4D5F-8DBF-39FE1CD1CAAD}
		{51F7C174-7788-41F4-B5C9-98CC4ADC1B4C} = {CE11782B-709D-4D5F-8DBF-39FE1CD1CAAD}
		{0C777A62-DB2E-491C-9517-3A9559C61513} = {CE11782B-709D-4D5F-8DBF-39FE1CD1CAAD}
		{C8D447D9-F74A-41A2-AEEB-9DF42BF313BA} = {D691E852-26DF-4782-A95B-B381F4B7828C}
		{E3CDCDC1-7A72-4802-8BB5-7552EE211892} = {C8D447D9-F74A-41A2-AEEB-9DF42BF313BA}
		{0C9EFFAF-F459-4EDA-88C1-54C02B8B7273} = {E043F662-463E-43DE-AB34-DFD4D88CA5CC}
		{11CC0707-5E70-4386-B0C0-779DE7D43D3F} = {0C9EFFAF-F459-4EDA-88C1-54C02B8B7273}
		{73618410-AF1B-4378-8E58-A996D09C3988} = {E043F662-463E-43DE-AB34-DFD4D88CA5CC}
		{F8421F18-BB14-4B6D-B581-395110F94005} = {73618410-AF1B-4378-8E58-A996D09C3988}
	EndGlobalSection
	GlobalSection(ExtensibilityGlobals) = postSolution
		SolutionGuid = {510B8653-EBD0-41F6-BD6F-48A8EDBF0A96}
	EndGlobalSection
EndGlobal
